// !$*UTF8*$!
{
	archiveVersion = 1;
	classes = {
	};
	objectVersion = 52;
	objects = {

/* Begin PBXBuildFile section */
		07170CDC7DE9931858958915 /* Tab.swift in Sources */ = {isa = PBXBuildFile; fileRef = C4AD2183CA1952CA2AD711CC /* Tab.swift */; };
		1138CDDC89AA4A6DDC4119A1 /* LunchView.swift in Sources */ = {isa = PBXBuildFile; fileRef = 3C67460DBDFAB97E26B44F9F /* LunchView.swift */; };
		127C509A0FF458B0D6D88FA2 /* FavoritesView.swift in Sources */ = {isa = PBXBuildFile; fileRef = 7A6B347A2A9339C993DC8DFE /* FavoritesView.swift */; };
		1A2001A999AB35948F35C194 /* CookItUpApp.swift in Sources */ = {isa = PBXBuildFile; fileRef = E23465FB5EAB73EA21106EDE /* CookItUpApp.swift */; };
		27FA09420669D0D00005E6BE /* TertiaryButtonStyle.swift in Sources */ = {isa = PBXBuildFile; fileRef = 55F74B28B597FDB65D6CB0C0 /* TertiaryButtonStyle.swift */; };
		3A3F71099579CF1E45351EAB /* DessertView.swift in Sources */ = {isa = PBXBuildFile; fileRef = 453265AD3A0B76E386D3DBA5 /* DessertView.swift */; };
		480C92398E6AC0F02B2CECC9 /* RecipeCardImageView.swift in Sources */ = {isa = PBXBuildFile; fileRef = C354EB2EC21A3AD7DFF47FB2 /* RecipeCardImageView.swift */; };
		4C58FD054E935B16BF537FB4 /* TypographyModifier.swift in Sources */ = {isa = PBXBuildFile; fileRef = 0125DA5F95C5CF76F2DF21AD /* TypographyModifier.swift */; };
		56E535C6B733180292DB745E /* TabBarView.swift in Sources */ = {isa = PBXBuildFile; fileRef = 51F238B24D7A8916F18422D3 /* TabBarView.swift */; };
		5C073287B3E547C43DB8399C /* RecipeCardInfoView.swift in Sources */ = {isa = PBXBuildFile; fileRef = 5E092473C8494A69373A580F /* RecipeCardInfoView.swift */; };
		5C5A286FD705E881A1524D82 /* BreakfastView.swift in Sources */ = {isa = PBXBuildFile; fileRef = FA79221B466F17CFB1C096A1 /* BreakfastView.swift */; };
		6AFC7EA8A1E51E00C3A2A1D2 /* DinnerView.swift in Sources */ = {isa = PBXBuildFile; fileRef = 981854224223E3F2A2D406C1 /* DinnerView.swift */; };
		7CE861ADD9DF87D48FB319AC /* SearchView.swift in Sources */ = {isa = PBXBuildFile; fileRef = 0CE068E308A37DC37C8DEC01 /* SearchView.swift */; };
		95636B3C3ABAC7BF73AD5D4C /* PageControl.swift in Sources */ = {isa = PBXBuildFile; fileRef = E7BB7C69948AA8066F554A21 /* PageControl.swift */; };
		97D66C4295546D69D33E63A6 /* AllRecipesView.swift in Sources */ = {isa = PBXBuildFile; fileRef = 295F17D2794866F32CF5CEEE /* AllRecipesView.swift */; };
		9826D8E6A1FDB691ECE4E100 /* TabBarItem.swift in Sources */ = {isa = PBXBuildFile; fileRef = A26098FD54659513EB3F9AE5 /* TabBarItem.swift */; };
		A31C481E264CFA07ED0296FF /* ContentView.swift in Sources */ = {isa = PBXBuildFile; fileRef = 92AA159EE4DD226D44272BF2 /* ContentView.swift */; };
		A60F8C2B7C3833F64E5ACA15 /* OnboardingView.swift in Sources */ = {isa = PBXBuildFile; fileRef = 4EE81C9195E19E7FE86D436A /* OnboardingView.swift */; };
		B1BD7E0411942629EB8DE128 /* PrimaryButtonStyle.swift in Sources */ = {isa = PBXBuildFile; fileRef = 61D35C329ABD88E2FC8C7BCC /* PrimaryButtonStyle.swift */; };
		BA253F16701B00DED292BD11 /* RecipeSelectionView.swift in Sources */ = {isa = PBXBuildFile; fileRef = EDD0D3316E9D7C74BB467518 /* RecipeSelectionView.swift */; };
		C403B18CE385D53BB463F549 /* Assets.xcassets in Resources */ = {isa = PBXBuildFile; fileRef = 0945EB30B587FC3628F4E4D8 /* Assets.xcassets */; };
		CDF4E44D1C67A895425C174B /* ProfileView.swift in Sources */ = {isa = PBXBuildFile; fileRef = A6034C7332C22213A0E66DD4 /* ProfileView.swift */; };
		DAA6767FEBBB6CB6A9341F41 /* Typography.swift in Sources */ = {isa = PBXBuildFile; fileRef = 78C4AF800F0017C6827F40F8 /* Typography.swift */; };
		DB6C190E366EB72C52961247 /* HomeView.swift in Sources */ = {isa = PBXBuildFile; fileRef = 2F47C13D61D148601B4DA57F /* HomeView.swift */; };
		F71FF999E0CE4DB07F6DC368 /* RecipeCardView.swift in Sources */ = {isa = PBXBuildFile; fileRef = F46180BB291A30D04BFB6F1A /* RecipeCardView.swift */; };
		F89CE1BBB4FAF5AC3321B217 /* RecipeSelection.swift in Sources */ = {isa = PBXBuildFile; fileRef = 5F6A778D6865D3BF68D2B429 /* RecipeSelection.swift */; };
		FACAF7DD5C8C557EBBB2BECB /* Colors.xcassets in Resources */ = {isa = PBXBuildFile; fileRef = 1CFAF796E60DF7A2FD2D79DB /* Colors.xcassets */; };
		FD2BE0349D1173F50A0481C9 /* Preview Assets.xcassets in Resources */ = {isa = PBXBuildFile; fileRef = 609837ABBD977169A5C144EE /* Preview Assets.xcassets */; };
/* End PBXBuildFile section */

/* Begin PBXFileReference section */
		0125DA5F95C5CF76F2DF21AD /* TypographyModifier.swift */ = {isa = PBXFileReference; lastKnownFileType = sourcecode.swift; path = TypographyModifier.swift; sourceTree = "<group>"; };
		0945EB30B587FC3628F4E4D8 /* Assets.xcassets */ = {isa = PBXFileReference; lastKnownFileType = folder.assetcatalog; path = Assets.xcassets; sourceTree = "<group>"; };
		0CE068E308A37DC37C8DEC01 /* SearchView.swift */ = {isa = PBXFileReference; lastKnownFileType = sourcecode.swift; path = SearchView.swift; sourceTree = "<group>"; };
		1CFAF796E60DF7A2FD2D79DB /* Colors.xcassets */ = {isa = PBXFileReference; lastKnownFileType = folder.assetcatalog; path = Colors.xcassets; sourceTree = "<group>"; };
		295F17D2794866F32CF5CEEE /* AllRecipesView.swift */ = {isa = PBXFileReference; lastKnownFileType = sourcecode.swift; path = AllRecipesView.swift; sourceTree = "<group>"; };
		2F47C13D61D148601B4DA57F /* HomeView.swift */ = {isa = PBXFileReference; lastKnownFileType = sourcecode.swift; path = HomeView.swift; sourceTree = "<group>"; };
		3C67460DBDFAB97E26B44F9F /* LunchView.swift */ = {isa = PBXFileReference; lastKnownFileType = sourcecode.swift; path = LunchView.swift; sourceTree = "<group>"; };
		453265AD3A0B76E386D3DBA5 /* DessertView.swift */ = {isa = PBXFileReference; lastKnownFileType = sourcecode.swift; path = DessertView.swift; sourceTree = "<group>"; };
		4EE81C9195E19E7FE86D436A /* OnboardingView.swift */ = {isa = PBXFileReference; lastKnownFileType = sourcecode.swift; path = OnboardingView.swift; sourceTree = "<group>"; };
		51F238B24D7A8916F18422D3 /* TabBarView.swift */ = {isa = PBXFileReference; lastKnownFileType = sourcecode.swift; path = TabBarView.swift; sourceTree = "<group>"; };
		55F74B28B597FDB65D6CB0C0 /* TertiaryButtonStyle.swift */ = {isa = PBXFileReference; lastKnownFileType = sourcecode.swift; path = TertiaryButtonStyle.swift; sourceTree = "<group>"; };
		5E092473C8494A69373A580F /* RecipeCardInfoView.swift */ = {isa = PBXFileReference; lastKnownFileType = sourcecode.swift; path = RecipeCardInfoView.swift; sourceTree = "<group>"; };
		5F6A778D6865D3BF68D2B429 /* RecipeSelection.swift */ = {isa = PBXFileReference; lastKnownFileType = sourcecode.swift; path = RecipeSelection.swift; sourceTree = "<group>"; };
		609837ABBD977169A5C144EE /* Preview Assets.xcassets */ = {isa = PBXFileReference; lastKnownFileType = folder.assetcatalog; path = "Preview Assets.xcassets"; sourceTree = "<group>"; };
		61D35C329ABD88E2FC8C7BCC /* PrimaryButtonStyle.swift */ = {isa = PBXFileReference; lastKnownFileType = sourcecode.swift; path = PrimaryButtonStyle.swift; sourceTree = "<group>"; };
		78C4AF800F0017C6827F40F8 /* Typography.swift */ = {isa = PBXFileReference; lastKnownFileType = sourcecode.swift; path = Typography.swift; sourceTree = "<group>"; };
		79C8B7C28045188ADB80B57B /* Info.plist */ = {isa = PBXFileReference; lastKnownFileType = text.plist; path = Info.plist; sourceTree = "<group>"; };
		7A6B347A2A9339C993DC8DFE /* FavoritesView.swift */ = {isa = PBXFileReference; lastKnownFileType = sourcecode.swift; path = FavoritesView.swift; sourceTree = "<group>"; };
		92AA159EE4DD226D44272BF2 /* ContentView.swift */ = {isa = PBXFileReference; lastKnownFileType = sourcecode.swift; path = ContentView.swift; sourceTree = "<group>"; };
		981854224223E3F2A2D406C1 /* DinnerView.swift */ = {isa = PBXFileReference; lastKnownFileType = sourcecode.swift; path = DinnerView.swift; sourceTree = "<group>"; };
		A26098FD54659513EB3F9AE5 /* TabBarItem.swift */ = {isa = PBXFileReference; lastKnownFileType = sourcecode.swift; path = TabBarItem.swift; sourceTree = "<group>"; };
		A6034C7332C22213A0E66DD4 /* ProfileView.swift */ = {isa = PBXFileReference; lastKnownFileType = sourcecode.swift; path = ProfileView.swift; sourceTree = "<group>"; };
		B685F9B09FFC17471911BAB9 /* CookItUp Debug.app */ = {isa = PBXFileReference; explicitFileType = wrapper.application; includeInIndex = 0; path = "CookItUp Debug.app"; sourceTree = BUILT_PRODUCTS_DIR; };
		C354EB2EC21A3AD7DFF47FB2 /* RecipeCardImageView.swift */ = {isa = PBXFileReference; lastKnownFileType = sourcecode.swift; path = RecipeCardImageView.swift; sourceTree = "<group>"; };
		C4AD2183CA1952CA2AD711CC /* Tab.swift */ = {isa = PBXFileReference; lastKnownFileType = sourcecode.swift; path = Tab.swift; sourceTree = "<group>"; };
		CB4A8F195C225CDF9FEAF3F7 /* Release.xcconfig */ = {isa = PBXFileReference; lastKnownFileType = text.xcconfig; path = Release.xcconfig; sourceTree = "<group>"; };
		E23465FB5EAB73EA21106EDE /* CookItUpApp.swift */ = {isa = PBXFileReference; lastKnownFileType = sourcecode.swift; path = CookItUpApp.swift; sourceTree = "<group>"; };
		E7BB7C69948AA8066F554A21 /* PageControl.swift */ = {isa = PBXFileReference; lastKnownFileType = sourcecode.swift; path = PageControl.swift; sourceTree = "<group>"; };
		EA34339EA0F71DCB1FD280EB /* Base.xcconfig */ = {isa = PBXFileReference; lastKnownFileType = text.xcconfig; path = Base.xcconfig; sourceTree = "<group>"; };
		EDD0D3316E9D7C74BB467518 /* RecipeSelectionView.swift */ = {isa = PBXFileReference; lastKnownFileType = sourcecode.swift; path = RecipeSelectionView.swift; sourceTree = "<group>"; };
		EF48C09F1C5D6777BD9CC250 /* Debug.xcconfig */ = {isa = PBXFileReference; lastKnownFileType = text.xcconfig; path = Debug.xcconfig; sourceTree = "<group>"; };
		F46180BB291A30D04BFB6F1A /* RecipeCardView.swift */ = {isa = PBXFileReference; lastKnownFileType = sourcecode.swift; path = RecipeCardView.swift; sourceTree = "<group>"; };
		FA79221B466F17CFB1C096A1 /* BreakfastView.swift */ = {isa = PBXFileReference; lastKnownFileType = sourcecode.swift; path = BreakfastView.swift; sourceTree = "<group>"; };
/* End PBXFileReference section */

/* Begin PBXGroup section */
		016742C33CB5410C13350172 /* Preview Content */ = {
			isa = PBXGroup;
			children = (
				609837ABBD977169A5C144EE /* Preview Assets.xcassets */,
			);
			path = "Preview Content";
			sourceTree = "<group>";
		};
		033EA5040E4524FE1A7CC15B /* Home */ = {
			isa = PBXGroup;
			children = (
				AEBF9B394A0ED2ACE7EAC52E /* Screens */,
			);
			path = Home;
			sourceTree = "<group>";
		};
		071E088EC2D02E1D8AEB13BF /* Onboarding */ = {
			isa = PBXGroup;
			children = (
				5C5990DEF6847845327EF1CB /* Screens */,
			);
			path = Onboarding;
			sourceTree = "<group>";
		};
		0C9EE9F223910BA0592FDEF4 /* Lunch */ = {
			isa = PBXGroup;
			children = (
				3C67460DBDFAB97E26B44F9F /* LunchView.swift */,
			);
			path = Lunch;
			sourceTree = "<group>";
		};
		1AD381C775196CC89271B101 /* AllRecipes */ = {
			isa = PBXGroup;
			children = (
				295F17D2794866F32CF5CEEE /* AllRecipesView.swift */,
			);
			path = AllRecipes;
			sourceTree = "<group>";
		};
		2279E7FA3A4F62A38BD643A8 /* XCConfigs */ = {
			isa = PBXGroup;
			children = (
				EA34339EA0F71DCB1FD280EB /* Base.xcconfig */,
				EF48C09F1C5D6777BD9CC250 /* Debug.xcconfig */,
				CB4A8F195C225CDF9FEAF3F7 /* Release.xcconfig */,
			);
			path = XCConfigs;
			sourceTree = "<group>";
		};
		282A0193452DC11C2E43CCC3 /* ButtonStyles */ = {
			isa = PBXGroup;
			children = (
				61D35C329ABD88E2FC8C7BCC /* PrimaryButtonStyle.swift */,
				55F74B28B597FDB65D6CB0C0 /* TertiaryButtonStyle.swift */,
			);
			path = ButtonStyles;
			sourceTree = "<group>";
		};
		2AF9C010539EC11A3930DCE3 /* Favorites */ = {
			isa = PBXGroup;
			children = (
				7A6B347A2A9339C993DC8DFE /* FavoritesView.swift */,
			);
			path = Favorites;
			sourceTree = "<group>";
		};
		2AF9D70E14658F82108D58BE /* Dessert */ = {
			isa = PBXGroup;
			children = (
				453265AD3A0B76E386D3DBA5 /* DessertView.swift */,
			);
			path = Dessert;
			sourceTree = "<group>";
		};
		31058330F1371756B2AECF54 /* Screens */ = {
			isa = PBXGroup;
			children = (
				EEBC284DF945B5BC725E3FF0 /* Profile */,
			);
			path = Screens;
			sourceTree = "<group>";
		};
		36FB2EEFF7CBC705F2D3EF77 /* RecipeSegmenedControl */ = {
			isa = PBXGroup;
			children = (
				5F6A778D6865D3BF68D2B429 /* RecipeSelection.swift */,
				EDD0D3316E9D7C74BB467518 /* RecipeSelectionView.swift */,
			);
			path = RecipeSegmenedControl;
			sourceTree = "<group>";
		};
		3724FD4C01D5F83DFE3DDF79 /* Resources */ = {
			isa = PBXGroup;
			children = (
				0945EB30B587FC3628F4E4D8 /* Assets.xcassets */,
				1CFAF796E60DF7A2FD2D79DB /* Colors.xcassets */,
			);
			path = Resources;
			sourceTree = "<group>";
		};
		3FF539A251D517C461FCB21D /* Profile */ = {
			isa = PBXGroup;
			children = (
				31058330F1371756B2AECF54 /* Screens */,
			);
			path = Profile;
			sourceTree = "<group>";
		};
		4DCA232E50742E2BD7A6AB7E /* Favorites */ = {
			isa = PBXGroup;
			children = (
				A7C6853FB859603B1FA2A985 /* Screens */,
			);
			path = Favorites;
			sourceTree = "<group>";
		};
		4E3BB8EFE309E2D2721665D8 /* Dinner */ = {
			isa = PBXGroup;
			children = (
				981854224223E3F2A2D406C1 /* DinnerView.swift */,
			);
			path = Dinner;
			sourceTree = "<group>";
		};
		5C5990DEF6847845327EF1CB /* Screens */ = {
			isa = PBXGroup;
			children = (
				BDA24E2FE9C6C35662430A01 /* Onboarding */,
			);
			path = Screens;
			sourceTree = "<group>";
		};
		5DC3B1B5B0E05DB683BD434D = {
			isa = PBXGroup;
			children = (
				7328271F7CED20CA75DB650A /* CookItUp */,
				8E2D8B1E76B6935E91E4DFDA /* Products */,
			);
			sourceTree = "<group>";
		};
		6576EA08F09A3107F87AAD11 /* Breakfast */ = {
			isa = PBXGroup;
			children = (
				FA79221B466F17CFB1C096A1 /* BreakfastView.swift */,
			);
			path = Breakfast;
			sourceTree = "<group>";
		};
		6CF4BA4A79451DCC9F8BE3D0 /* App */ = {
			isa = PBXGroup;
			children = (
				E23465FB5EAB73EA21106EDE /* CookItUpApp.swift */,
			);
			path = App;
			sourceTree = "<group>";
		};
		7085035350298CC67CEAC27A /* Search */ = {
			isa = PBXGroup;
			children = (
				0CE068E308A37DC37C8DEC01 /* SearchView.swift */,
			);
			path = Search;
			sourceTree = "<group>";
		};
		7328271F7CED20CA75DB650A /* CookItUp */ = {
			isa = PBXGroup;
			children = (
				92AA159EE4DD226D44272BF2 /* ContentView.swift */,
				6CF4BA4A79451DCC9F8BE3D0 /* App */,
				F5532855DCF45A859A6175DE /* CookItUpKit */,
				FF0F90725C372EC8D9A31AC4 /* Features */,
				016742C33CB5410C13350172 /* Preview Content */,
				A825076FC83D6A96099E3324 /* Supporting Files */,
				2279E7FA3A4F62A38BD643A8 /* XCConfigs */,
			);
			path = CookItUp;
			sourceTree = "<group>";
		};
		778E4ECE6902885EF529698C /* Fonts */ = {
			isa = PBXGroup;
			children = (
				78C4AF800F0017C6827F40F8 /* Typography.swift */,
			);
			path = Fonts;
			sourceTree = "<group>";
		};
		7A7B0CEC28D1ABE7BAB6F776 /* ReusableViews */ = {
			isa = PBXGroup;
			children = (
				D263C47935FCAECA097B9C7B /* RecipeCardImageView */,
				896E642FBC371AC018BEB18B /* RecipeCardInfoView */,
			);
			path = ReusableViews;
			sourceTree = "<group>";
		};
		839890075AEF9C0476458C5B /* PageControls */ = {
			isa = PBXGroup;
			children = (
				E7BB7C69948AA8066F554A21 /* PageControl.swift */,
			);
			path = PageControls;
			sourceTree = "<group>";
		};
		896E642FBC371AC018BEB18B /* RecipeCardInfoView */ = {
			isa = PBXGroup;
			children = (
				5E092473C8494A69373A580F /* RecipeCardInfoView.swift */,
			);
			path = RecipeCardInfoView;
			sourceTree = "<group>";
		};
		8E2D8B1E76B6935E91E4DFDA /* Products */ = {
			isa = PBXGroup;
			children = (
				B685F9B09FFC17471911BAB9 /* CookItUp Debug.app */,
			);
			name = Products;
			sourceTree = "<group>";
		};
		A59D9892DAC1A458B8B7A746 /* ViewModifiers */ = {
			isa = PBXGroup;
			children = (
				0125DA5F95C5CF76F2DF21AD /* TypographyModifier.swift */,
			);
			path = ViewModifiers;
			sourceTree = "<group>";
		};
		A7C6853FB859603B1FA2A985 /* Screens */ = {
			isa = PBXGroup;
			children = (
				2AF9C010539EC11A3930DCE3 /* Favorites */,
			);
			path = Screens;
			sourceTree = "<group>";
		};
		A825076FC83D6A96099E3324 /* Supporting Files */ = {
			isa = PBXGroup;
			children = (
				79C8B7C28045188ADB80B57B /* Info.plist */,
			);
			path = "Supporting Files";
			sourceTree = "<group>";
		};
		AEBF9B394A0ED2ACE7EAC52E /* Screens */ = {
			isa = PBXGroup;
			children = (
				B80350367B392767453AC56F /* Home */,
			);
			path = Screens;
			sourceTree = "<group>";
		};
		B172CFDD4B83C701AA0F757B /* Screens */ = {
			isa = PBXGroup;
			children = (
				7085035350298CC67CEAC27A /* Search */,
			);
			path = Screens;
			sourceTree = "<group>";
		};
		B80350367B392767453AC56F /* Home */ = {
			isa = PBXGroup;
			children = (
				2F47C13D61D148601B4DA57F /* HomeView.swift */,
				1AD381C775196CC89271B101 /* AllRecipes */,
				6576EA08F09A3107F87AAD11 /* Breakfast */,
				2AF9D70E14658F82108D58BE /* Dessert */,
				4E3BB8EFE309E2D2721665D8 /* Dinner */,
				0C9EE9F223910BA0592FDEF4 /* Lunch */,
			);
			path = Home;
			sourceTree = "<group>";
		};
		BDA24E2FE9C6C35662430A01 /* Onboarding */ = {
			isa = PBXGroup;
			children = (
				4EE81C9195E19E7FE86D436A /* OnboardingView.swift */,
				C4AD2183CA1952CA2AD711CC /* Tab.swift */,
			);
			path = Onboarding;
			sourceTree = "<group>";
		};
		C1A85EF96C8385134397B9C0 /* RecipeCard */ = {
			isa = PBXGroup;
			children = (
				F46180BB291A30D04BFB6F1A /* RecipeCardView.swift */,
				7A7B0CEC28D1ABE7BAB6F776 /* ReusableViews */,
			);
			path = RecipeCard;
			sourceTree = "<group>";
		};
		CE539E5F784ADD20D7C30B33 /* Search */ = {
			isa = PBXGroup;
			children = (
				B172CFDD4B83C701AA0F757B /* Screens */,
			);
			path = Search;
			sourceTree = "<group>";
		};
		D263C47935FCAECA097B9C7B /* RecipeCardImageView */ = {
			isa = PBXGroup;
			children = (
				C354EB2EC21A3AD7DFF47FB2 /* RecipeCardImageView.swift */,
			);
			path = RecipeCardImageView;
			sourceTree = "<group>";
		};
		E1DBC6EA989E07974097AD3E /* Buttons */ = {
			isa = PBXGroup;
			children = (
				282A0193452DC11C2E43CCC3 /* ButtonStyles */,
			);
			path = Buttons;
			sourceTree = "<group>";
		};
		E507F714E59AA23474C3FC08 /* TabBar */ = {
			isa = PBXGroup;
			children = (
				A26098FD54659513EB3F9AE5 /* TabBarItem.swift */,
				51F238B24D7A8916F18422D3 /* TabBarView.swift */,
			);
			path = TabBar;
			sourceTree = "<group>";
		};
		EEBC284DF945B5BC725E3FF0 /* Profile */ = {
			isa = PBXGroup;
			children = (
				A6034C7332C22213A0E66DD4 /* ProfileView.swift */,
			);
			path = Profile;
			sourceTree = "<group>";
		};
		F5532855DCF45A859A6175DE /* CookItUpKit */ = {
			isa = PBXGroup;
			children = (
				E1DBC6EA989E07974097AD3E /* Buttons */,
				778E4ECE6902885EF529698C /* Fonts */,
				839890075AEF9C0476458C5B /* PageControls */,
				C1A85EF96C8385134397B9C0 /* RecipeCard */,
				36FB2EEFF7CBC705F2D3EF77 /* RecipeSegmenedControl */,
				3724FD4C01D5F83DFE3DDF79 /* Resources */,
				A59D9892DAC1A458B8B7A746 /* ViewModifiers */,
			);
			path = CookItUpKit;
			sourceTree = "<group>";
		};
		FF0F90725C372EC8D9A31AC4 /* Features */ = {
			isa = PBXGroup;
			children = (
				4DCA232E50742E2BD7A6AB7E /* Favorites */,
				033EA5040E4524FE1A7CC15B /* Home */,
				071E088EC2D02E1D8AEB13BF /* Onboarding */,
				3FF539A251D517C461FCB21D /* Profile */,
				CE539E5F784ADD20D7C30B33 /* Search */,
				E507F714E59AA23474C3FC08 /* TabBar */,
			);
			path = Features;
			sourceTree = "<group>";
		};
/* End PBXGroup section */

/* Begin PBXNativeTarget section */
		40AF816DC46554B3B6990073 /* CookItUp */ = {
			isa = PBXNativeTarget;
			buildConfigurationList = AF4181362ADD49DAF587C13F /* Build configuration list for PBXNativeTarget "CookItUp" */;
			buildPhases = (
				89C68E4367BAE92C1CF78A78 /* Sources */,
				D9D3519B31BBCA7DE65C0E5D /* Resources */,
			);
			buildRules = (
			);
			dependencies = (
			);
			name = CookItUp;
			productName = CookItUp;
			productReference = B685F9B09FFC17471911BAB9 /* CookItUp Debug.app */;
			productType = "com.apple.product-type.application";
		};
/* End PBXNativeTarget section */

/* Begin PBXProject section */
		1F255551610A7109FFC47E80 /* Project object */ = {
			isa = PBXProject;
			attributes = {
				LastUpgradeCheck = 1200;
				TargetAttributes = {
					40AF816DC46554B3B6990073 = {
						ProvisioningStyle = Automatic;
					};
				};
			};
			buildConfigurationList = 7D948BC73ADE5122AFDFDF75 /* Build configuration list for PBXProject "CookItUp" */;
			compatibilityVersion = "Xcode 11.0";
			developmentRegion = en;
			hasScannedForEncodings = 0;
			knownRegions = (
				en,
			);
			mainGroup = 5DC3B1B5B0E05DB683BD434D;
			projectDirPath = "";
			projectRoot = "";
			targets = (
				40AF816DC46554B3B6990073 /* CookItUp */,
			);
		};
/* End PBXProject section */

/* Begin PBXResourcesBuildPhase section */
		D9D3519B31BBCA7DE65C0E5D /* Resources */ = {
			isa = PBXResourcesBuildPhase;
			buildActionMask = 2147483647;
			files = (
				C403B18CE385D53BB463F549 /* Assets.xcassets in Resources */,
				FACAF7DD5C8C557EBBB2BECB /* Colors.xcassets in Resources */,
				FD2BE0349D1173F50A0481C9 /* Preview Assets.xcassets in Resources */,
			);
			runOnlyForDeploymentPostprocessing = 0;
		};
/* End PBXResourcesBuildPhase section */

/* Begin PBXSourcesBuildPhase section */
		89C68E4367BAE92C1CF78A78 /* Sources */ = {
			isa = PBXSourcesBuildPhase;
			buildActionMask = 2147483647;
			files = (
				97D66C4295546D69D33E63A6 /* AllRecipesView.swift in Sources */,
				5C5A286FD705E881A1524D82 /* BreakfastView.swift in Sources */,
				A31C481E264CFA07ED0296FF /* ContentView.swift in Sources */,
				1A2001A999AB35948F35C194 /* CookItUpApp.swift in Sources */,
				3A3F71099579CF1E45351EAB /* DessertView.swift in Sources */,
				6AFC7EA8A1E51E00C3A2A1D2 /* DinnerView.swift in Sources */,
				127C509A0FF458B0D6D88FA2 /* FavoritesView.swift in Sources */,
				DB6C190E366EB72C52961247 /* HomeView.swift in Sources */,
				1138CDDC89AA4A6DDC4119A1 /* LunchView.swift in Sources */,
				A60F8C2B7C3833F64E5ACA15 /* OnboardingView.swift in Sources */,
				95636B3C3ABAC7BF73AD5D4C /* PageControl.swift in Sources */,
				B1BD7E0411942629EB8DE128 /* PrimaryButtonStyle.swift in Sources */,
				CDF4E44D1C67A895425C174B /* ProfileView.swift in Sources */,
				480C92398E6AC0F02B2CECC9 /* RecipeCardImageView.swift in Sources */,
				5C073287B3E547C43DB8399C /* RecipeCardInfoView.swift in Sources */,
				F71FF999E0CE4DB07F6DC368 /* RecipeCardView.swift in Sources */,
				F89CE1BBB4FAF5AC3321B217 /* RecipeSelection.swift in Sources */,
				BA253F16701B00DED292BD11 /* RecipeSelectionView.swift in Sources */,
				7CE861ADD9DF87D48FB319AC /* SearchView.swift in Sources */,
				07170CDC7DE9931858958915 /* Tab.swift in Sources */,
				9826D8E6A1FDB691ECE4E100 /* TabBarItem.swift in Sources */,
				56E535C6B733180292DB745E /* TabBarView.swift in Sources */,
				27FA09420669D0D00005E6BE /* TertiaryButtonStyle.swift in Sources */,
				DAA6767FEBBB6CB6A9341F41 /* Typography.swift in Sources */,
				4C58FD054E935B16BF537FB4 /* TypographyModifier.swift in Sources */,
			);
			runOnlyForDeploymentPostprocessing = 0;
		};
/* End PBXSourcesBuildPhase section */

/* Begin XCBuildConfiguration section */
		2C257C2BCDBE003A9DDAEDCE /* Release */ = {
			isa = XCBuildConfiguration;
			buildSettings = {
				ALWAYS_SEARCH_USER_PATHS = NO;
				CLANG_ANALYZER_NONNULL = YES;
				CLANG_ANALYZER_NUMBER_OBJECT_CONVERSION = YES_AGGRESSIVE;
				CLANG_CXX_LANGUAGE_STANDARD = "gnu++14";
				CLANG_CXX_LIBRARY = "libc++";
				CLANG_ENABLE_MODULES = YES;
				CLANG_ENABLE_OBJC_ARC = YES;
				CLANG_ENABLE_OBJC_WEAK = YES;
				CLANG_WARN_BLOCK_CAPTURE_AUTORELEASING = YES;
				CLANG_WARN_BOOL_CONVERSION = YES;
				CLANG_WARN_COMMA = YES;
				CLANG_WARN_CONSTANT_CONVERSION = YES;
				CLANG_WARN_DEPRECATED_OBJC_IMPLEMENTATIONS = YES;
				CLANG_WARN_DIRECT_OBJC_ISA_USAGE = YES_ERROR;
				CLANG_WARN_DOCUMENTATION_COMMENTS = YES;
				CLANG_WARN_EMPTY_BODY = YES;
				CLANG_WARN_ENUM_CONVERSION = YES;
				CLANG_WARN_INFINITE_RECURSION = YES;
				CLANG_WARN_INT_CONVERSION = YES;
				CLANG_WARN_NON_LITERAL_NULL_CONVERSION = YES;
				CLANG_WARN_OBJC_IMPLICIT_RETAIN_SELF = YES;
				CLANG_WARN_OBJC_LITERAL_CONVERSION = YES;
				CLANG_WARN_OBJC_ROOT_CLASS = YES_ERROR;
				CLANG_WARN_QUOTED_INCLUDE_IN_FRAMEWORK_HEADER = YES;
				CLANG_WARN_RANGE_LOOP_ANALYSIS = YES;
				CLANG_WARN_STRICT_PROTOTYPES = YES;
				CLANG_WARN_SUSPICIOUS_MOVE = YES;
				CLANG_WARN_UNGUARDED_AVAILABILITY = YES_AGGRESSIVE;
				CLANG_WARN_UNREACHABLE_CODE = YES;
				CLANG_WARN__DUPLICATE_METHOD_MATCH = YES;
				COPY_PHASE_STRIP = NO;
				CURRENT_PROJECT_VERSION = 1;
				DEBUG_INFORMATION_FORMAT = "dwarf-with-dsym";
				ENABLE_NS_ASSERTIONS = NO;
				ENABLE_STRICT_OBJC_MSGSEND = YES;
				GCC_C_LANGUAGE_STANDARD = gnu11;
				GCC_NO_COMMON_BLOCKS = YES;
				GCC_WARN_64_TO_32_BIT_CONVERSION = YES;
				GCC_WARN_ABOUT_RETURN_TYPE = YES_ERROR;
				GCC_WARN_UNDECLARED_SELECTOR = YES;
				GCC_WARN_UNINITIALIZED_AUTOS = YES_AGGRESSIVE;
				GCC_WARN_UNUSED_FUNCTION = YES;
				GCC_WARN_UNUSED_VARIABLE = YES;
				MTL_ENABLE_DEBUG_INFO = NO;
				MTL_FAST_MATH = YES;
				PRODUCT_NAME = "$(TARGET_NAME)";
				SDKROOT = iphoneos;
				SWIFT_COMPILATION_MODE = wholemodule;
				SWIFT_OPTIMIZATION_LEVEL = "-O";
				SWIFT_VERSION = 5.0;
				VERSIONING_SYSTEM = "apple-generic";
			};
			name = Release;
		};
		35AB1B3A4098A33B97BA4D96 /* Release */ = {
			isa = XCBuildConfiguration;
			baseConfigurationReference = CB4A8F195C225CDF9FEAF3F7 /* Release.xcconfig */;
			buildSettings = {
				ASSETCATALOG_COMPILER_APPICON_NAME = AppIcon;
				CODE_SIGN_IDENTITY = "iPhone Developer";
				INFOPLIST_FILE = "CookItUp/Supporting Files/Info.plist";
				IPHONEOS_DEPLOYMENT_TARGET = 17.0;
				LD_RUNPATH_SEARCH_PATHS = (
					"$(inherited)",
					"@executable_path/Frameworks",
				);
				SDKROOT = iphoneos;
			};
			name = Release;
		};
		3BCA78C309132062CC78761F /* Debug */ = {
			isa = XCBuildConfiguration;
			buildSettings = {
				ALWAYS_SEARCH_USER_PATHS = NO;
				CLANG_ANALYZER_NONNULL = YES;
				CLANG_ANALYZER_NUMBER_OBJECT_CONVERSION = YES_AGGRESSIVE;
				CLANG_CXX_LANGUAGE_STANDARD = "gnu++14";
				CLANG_CXX_LIBRARY = "libc++";
				CLANG_ENABLE_MODULES = YES;
				CLANG_ENABLE_OBJC_ARC = YES;
				CLANG_ENABLE_OBJC_WEAK = YES;
				CLANG_WARN_BLOCK_CAPTURE_AUTORELEASING = YES;
				CLANG_WARN_BOOL_CONVERSION = YES;
				CLANG_WARN_COMMA = YES;
				CLANG_WARN_CONSTANT_CONVERSION = YES;
				CLANG_WARN_DEPRECATED_OBJC_IMPLEMENTATIONS = YES;
				CLANG_WARN_DIRECT_OBJC_ISA_USAGE = YES_ERROR;
				CLANG_WARN_DOCUMENTATION_COMMENTS = YES;
				CLANG_WARN_EMPTY_BODY = YES;
				CLANG_WARN_ENUM_CONVERSION = YES;
				CLANG_WARN_INFINITE_RECURSION = YES;
				CLANG_WARN_INT_CONVERSION = YES;
				CLANG_WARN_NON_LITERAL_NULL_CONVERSION = YES;
				CLANG_WARN_OBJC_IMPLICIT_RETAIN_SELF = YES;
				CLANG_WARN_OBJC_LITERAL_CONVERSION = YES;
				CLANG_WARN_OBJC_ROOT_CLASS = YES_ERROR;
				CLANG_WARN_QUOTED_INCLUDE_IN_FRAMEWORK_HEADER = YES;
				CLANG_WARN_RANGE_LOOP_ANALYSIS = YES;
				CLANG_WARN_STRICT_PROTOTYPES = YES;
				CLANG_WARN_SUSPICIOUS_MOVE = YES;
				CLANG_WARN_UNGUARDED_AVAILABILITY = YES_AGGRESSIVE;
				CLANG_WARN_UNREACHABLE_CODE = YES;
				CLANG_WARN__DUPLICATE_METHOD_MATCH = YES;
				COPY_PHASE_STRIP = NO;
				CURRENT_PROJECT_VERSION = 1;
				DEBUG_INFORMATION_FORMAT = dwarf;
				ENABLE_STRICT_OBJC_MSGSEND = YES;
				ENABLE_TESTABILITY = YES;
				GCC_C_LANGUAGE_STANDARD = gnu11;
				GCC_DYNAMIC_NO_PIC = NO;
				GCC_NO_COMMON_BLOCKS = YES;
				GCC_OPTIMIZATION_LEVEL = 0;
				GCC_PREPROCESSOR_DEFINITIONS = (
					"$(inherited)",
					"DEBUG=1",
				);
				GCC_WARN_64_TO_32_BIT_CONVERSION = YES;
				GCC_WARN_ABOUT_RETURN_TYPE = YES_ERROR;
				GCC_WARN_UNDECLARED_SELECTOR = YES;
				GCC_WARN_UNINITIALIZED_AUTOS = YES_AGGRESSIVE;
				GCC_WARN_UNUSED_FUNCTION = YES;
				GCC_WARN_UNUSED_VARIABLE = YES;
				MTL_ENABLE_DEBUG_INFO = INCLUDE_SOURCE;
				MTL_FAST_MATH = YES;
				ONLY_ACTIVE_ARCH = YES;
				PRODUCT_NAME = "$(TARGET_NAME)";
				SDKROOT = iphoneos;
				SWIFT_ACTIVE_COMPILATION_CONDITIONS = DEBUG;
				SWIFT_OPTIMIZATION_LEVEL = "-Onone";
				SWIFT_VERSION = 5.0;
				VERSIONING_SYSTEM = "apple-generic";
			};
			name = Debug;
		};
		FA104204326018839F0F0B00 /* Debug */ = {
			isa = XCBuildConfiguration;
			baseConfigurationReference = EF48C09F1C5D6777BD9CC250 /* Debug.xcconfig */;
			buildSettings = {
				ASSETCATALOG_COMPILER_APPICON_NAME = AppIcon;
				CODE_SIGN_IDENTITY = "iPhone Developer";
				INFOPLIST_FILE = "CookItUp/Supporting Files/Info.plist";
				IPHONEOS_DEPLOYMENT_TARGET = 17.0;
				LD_RUNPATH_SEARCH_PATHS = (
					"$(inherited)",
					"@executable_path/Frameworks",
				);
				SDKROOT = iphoneos;
			};
			name = Debug;
		};
/* End XCBuildConfiguration section */

/* Begin XCConfigurationList section */
		7D948BC73ADE5122AFDFDF75 /* Build configuration list for PBXProject "CookItUp" */ = {
			isa = XCConfigurationList;
			buildConfigurations = (
				3BCA78C309132062CC78761F /* Debug */,
				2C257C2BCDBE003A9DDAEDCE /* Release */,
			);
			defaultConfigurationIsVisible = 0;
			defaultConfigurationName = Debug;
		};
		AF4181362ADD49DAF587C13F /* Build configuration list for PBXNativeTarget "CookItUp" */ = {
			isa = XCConfigurationList;
			buildConfigurations = (
				FA104204326018839F0F0B00 /* Debug */,
				35AB1B3A4098A33B97BA4D96 /* Release */,
			);
			defaultConfigurationIsVisible = 0;
			defaultConfigurationName = Debug;
		};
/* End XCConfigurationList section */
	};
	rootObject = 1F255551610A7109FFC47E80 /* Project object */;
}
